
{
  "name": "code-translate",
  "version": "0.1.0",
  "lockfileVersion": 2,
  "requires": true,
  "packages": {
    "": {
      "name": "code-translate",
      "version": "0.1.0",
      "dependencies": {
        "@codemirror/language": "^6.9.0",
        "@codemirror/legacy-modes": "^6.3.3",
        "@uiw/codemirror-theme-tokyo-night": "^4.19.11",
        "@uiw/react-codemirror": "^4.19.11",
        "endent": "^2.1.0",
        "eventsource-parser": "^1.0.0",
        "langchain": "^0.0.148",
        "next": "13.2.4",
        "react": "18.2.0",
        "react-dom": "18.2.0"
      },
      "devDependencies": {
        "@types/node": "18.15.11",
        "@types/react": "18.0.31",
        "@types/react-dom": "18.0.11",
        "autoprefixer": "^10.4.14",
        "eslint": "8.37.0",
        "eslint-config-next": "13.2.4",
        "postcss": "^8.4.21",
        "prettier-plugin-tailwindcss": "^0.2.6",
        "tailwindcss": "^3.3.1",
        "typescript": "5.0.3"
      }
    },
    "node_modules/@anthropic-ai/sdk": {
      "version": "0.6.2",
      "resolved": "https://registry.npmjs.org/@anthropic-ai/sdk/-/sdk-0.6.2.tgz",
      "integrity": "sha512-fB9PUj9RFT+XjkL+E9Ol864ZIJi+1P8WnbHspN3N3/GK2uSzjd0cbVIKTGgf4v3N8MwaQu+UWnU7C4BG/fap/g==",
      "dependencies": {
        "@types/node": "^18.11.18",
        "@types/node-fetch": "^2.6.4",
        "abort-controller": "^3.0.0",
        "agentkeepalive": "^4.2.1",
        "digest-fetch": "^1.3.0",
        "form-data-encoder": "1.7.2",
        "formdata-node": "^4.3.2",
        "node-fetch": "^2.6.7"
      }
    },
    "node_modules/@babel/runtime": {
      "version": "7.21.0",
      "resolved": "https://registry.npmjs.org/@babel/runtime/-/runtime-7.21.0.tgz",
      "integrity": "sha512-xwII0//EObnq89Ji5AKYQaRYiW/nZ3llSv29d49IuxPhKbtJoLP+9QUUZ4nVragQVtaVGeZrpB+ZtG/Pdy/POw==",
      "dependencies": {
        "regenerator-runtime": "^0.13.11"
      },
      "engines": {
        "node": ">=16.14.0 <=18.12.0"
      }
    },
    "node_modules/@codemirror/autocomplete": {
      "version": "6.4.2",
      "resolved": "https://registry.npmjs.org/@codemirror/autocomplete/-/autocomplete-6.4.2.tgz",
      "integrity": "sha512-8WE2xp+D0MpWEv5lZ6zPW1/tf4AGb358T5GWYiKEuCP8MvFfT3tH2mIF9Y2yr2e3KbHuSvsVhosiEyqCpiJhZQ==",
      "dependencies": {
        "@codemirror/language": "^6.0.0",
        "@codemirror/state": "^6.0.0",
        "@codemirror/view": "^6.6.0",
        "@lezer/common": "^1.0.0"
      },
      "peerDependencies": {
        "@codemirror/language": "^6.0.0",
        "@codemirror/state": "^6.0.0",
        "@codemirror/view": "^6.0.0",
        "@lezer/common": "^1.0.0"
      }
    },
    "node_modules/@codemirror/commands": {
      "version": "6.2.2",
      "resolved": "https://registry.npmjs.org/@codemirror/commands/-/commands-6.2.2.tgz",
      "integrity": "sha512-s9lPVW7TxXrI/7voZ+HmD/yiAlwAYn9PH5SUVSUhsxXHhv4yl5eZ3KLntSoTynfdgVYM0oIpccQEWRBQgmNZyw==",
      "dependencies": {
        "@codemirror/language": "^6.0.0",
        "@codemirror/state": "^6.2.0",
        "@codemirror/view": "^6.0.0",
        "@lezer/common": "^1.0.0"
      }
    },
    "node_modules/@codemirror/language": {
      "version": "6.9.0",
      "resolved": "https://registry.npmjs.org/@codemirror/language/-/language-6.9.0.tgz",
      "integrity": "sha512-nFu311/0ne/qGuGCL3oKuktBgzVOaxCHZPZv1tLSZkNjPYxxvkjSbzno3MlErG2tgw1Yw1yF8BxMCegeMXqpiw==",
      "dependencies": {
        "@codemirror/state": "^6.0.0",
        "@codemirror/view": "^6.0.0",
        "@lezer/common": "^1.0.0",
        "@lezer/highlight": "^1.0.0",
        "@lezer/lr": "^1.0.0",
        "style-mod": "^4.0.0"
      }
    },
    "node_modules/@codemirror/legacy-modes": {
      "version": "6.3.3",
      "resolved": "https://registry.npmjs.org/@codemirror/legacy-modes/-/legacy-modes-6.3.3.tgz",
      "integrity": "sha512-X0Z48odJ0KIoh/HY8Ltz75/4tDYc9msQf1E/2trlxFaFFhgjpVHjZ/BCXe1Lk7s4Gd67LL/CeEEHNI+xHOiESg==",
      "dependencies": {
        "@codemirror/language": "^6.0.0"
      }
    },
    "node_modules/@codemirror/lint": {
      "version": "6.2.0",
      "resolved": "https://registry.npmjs.org/@codemirror/lint/-/lint-6.2.0.tgz",
      "integrity": "sha512-KVCECmR2fFeYBr1ZXDVue7x3q5PMI0PzcIbA+zKufnkniMBo1325t0h1jM85AKp8l3tj67LRxVpZfgDxEXlQkg==",
      "dependencies": {
        "@codemirror/state": "^6.0.0",
        "@codemirror/view": "^6.0.0",
        "crelt": "^1.0.5"
      }
    },
    "node_modules/@codemirror/search": {
      "version": "6.3.0",
      "resolved": "https://registry.npmjs.org/@codemirror/search/-/search-6.3.0.tgz",
      "integrity": "sha512-rBhZxzT34CarfhgCZGhaLBScABDN3iqJxixzNuINp9lrb3lzm0nTpR77G1VrxGO3HOGK7j62jcJftQM7eCOIuw==",
      "dependencies": {
        "@codemirror/state": "^6.0.0",
        "@codemirror/view": "^6.0.0",
        "crelt": "^1.0.5"
      }
    },
    "node_modules/@codemirror/state": {
      "version": "6.2.0",
      "resolved": "https://registry.npmjs.org/@codemirror/state/-/state-6.2.0.tgz",
      "integrity": "sha512-69QXtcrsc3RYtOtd+GsvczJ319udtBf1PTrr2KbLWM/e2CXUPnh0Nz9AUo8WfhSQ7GeL8dPVNUmhQVgpmuaNGA=="
    },
    "node_modules/@codemirror/theme-one-dark": {
      "version": "6.1.1",
      "resolved": "https://registry.npmjs.org/@codemirror/theme-one-dark/-/theme-one-dark-6.1.1.tgz",
      "integrity": "sha512-+CfzmScfJuD6uDF5bHJkAjWTQ2QAAHxODCPxUEgcImDYcJLT+4l5vLnBHmDVv46kCC5uUJGMrBJct2Z6JbvqyQ==",
      "dependencies": {
        "@codemirror/language": "^6.0.0",
        "@codemirror/state": "^6.0.0",
        "@codemirror/view": "^6.0.0",
        "@lezer/highlight": "^1.0.0"
      }
    },
    "node_modules/@codemirror/view": {
      "version": "6.9.3",
      "resolved": "https://registry.npmjs.org/@codemirror/view/-/view-6.9.3.tgz",
      "integrity": "sha512-BJ5mvEIhFM+SrNwc5X8pLIvMM9ffjkviVbxpg84Xk2OE8ZyKaEbId8kX+nAYEEso7+qnbwsXe1bkAHsasebMow==",
      "dependencies": {
        "@codemirror/state": "^6.1.4",
        "style-mod": "^4.0.0",
        "w3c-keyname": "^2.2.4"
      }
    },
    "node_modules/@eslint-community/eslint-utils": {
      "version": "4.4.0",
      "resolved": "https://registry.npmjs.org/@eslint-community/eslint-utils/-/eslint-utils-4.4.0.tgz",
      "integrity": "sha512-1/sA4dwrzBAyeUoQ6oxahHKmrZvsnLCg4RfxW3ZFGGmQkSNQPFNLV9CUEFQP1x9EYXHTo5p6xdhZM1Ne9p/AfA==",
      "dev": true,
      "dependencies": {
        "eslint-visitor-keys": "^3.3.0"
      },
      "engines": {
        "node": "^12.22.0 || ^14.17.0 || >=16.0.0"
      },
      "peerDependencies": {
        "eslint": "^6.0.0 || ^7.0.0 || >=8.0.0"
      }
    },
    "node_modules/@eslint-community/regexpp": {
      "version": "4.5.0",
      "resolved": "https://registry.npmjs.org/@eslint-community/regexpp/-/regexpp-4.5.0.tgz",
      "integrity": "sha512-vITaYzIcNmjn5tF5uxcZ/ft7/RXGrMUIS9HalWckEOF6ESiwXKoMzAQf2UW0aVd6rnOeExTJVd5hmWXucBKGXQ==",
      "dev": true,
      "engines": {
        "node": "^12.0.0 || ^14.0.0 || >=16.0.0"
      }
    },
    "node_modules/@eslint/eslintrc": {
      "version": "2.0.2",
      "resolved": "https://registry.npmjs.org/@eslint/eslintrc/-/eslintrc-2.0.2.tgz",
      "integrity": "sha512-3W4f5tDUra+pA+FzgugqL2pRimUTDJWKr7BINqOpkZrC0uYI0NIc0/JFgBROCU07HR6GieA5m3/rsPIhDmCXTQ==",
      "dev": true,
      "dependencies": {
        "ajv": "^6.12.4",
        "debug": "^4.3.2",
        "espree": "^9.5.1",
        "globals": "^13.19.0",
        "ignore": "^5.2.0",
        "import-fresh": "^3.2.1",
        "js-yaml": "^4.1.0",
        "minimatch": "^3.1.2",
        "strip-json-comments": "^3.1.1"
      },
      "engines": {
        "node": "^12.22.0 || ^14.17.0 || >=16.0.0"
      },
      "funding": {
        "url": "https://opencollective.com/eslint"
      }
    },
    "node_modules/@eslint/js": {
      "version": "8.37.0",
      "resolved": "https://registry.npmjs.org/@eslint/js/-/js-8.37.0.tgz",
      "integrity": "sha512-x5vzdtOOGgFVDCUs81QRB2+liax8rFg3+7hqM+QhBG0/G3F1ZsoYl97UrqgHgQ9KKT7G6c4V+aTUCgu/n22v1A==",
      "dev": true,
      "engines": {
        "node": "^12.22.0 || ^14.17.0 || >=16.0.0"
      }
    },
    "node_modules/@humanwhocodes/config-array": {
      "version": "0.11.8",
      "resolved": "https://registry.npmjs.org/@humanwhocodes/config-array/-/config-array-0.11.8.tgz",
      "integrity": "sha512-UybHIJzJnR5Qc/MsD9Kr+RpO2h+/P1GhOwdiLPXK5TWk5sgTdu88bTD9UP+CKbPPh5Rni1u0GjAdYQLemG8g+g==",
      "dev": true,
      "dependencies": {
        "@humanwhocodes/object-schema": "^1.2.1",
        "debug": "^4.1.1",
        "minimatch": "^3.0.5"
      },
      "engines": {
        "node": ">=10.10.0"
      }
    },
    "node_modules/@humanwhocodes/module-importer": {
      "version": "1.0.1",
      "resolved": "https://registry.npmjs.org/@humanwhocodes/module-importer/-/module-importer-1.0.1.tgz",
      "integrity": "sha512-bxveV4V8v5Yb4ncFTT3rPSgZBOpCkjfK0y4oVVVJwIuDVBRMDXrPyXRL988i5ap9m9bnyEEjWfm5WkBmtffLfA==",
      "dev": true,
      "engines": {
        "node": ">=12.22"
      },
      "funding": {
        "type": "github",
        "url": "https://github.com/sponsors/nzakas"
      }
    },
    "node_modules/@humanwhocodes/object-schema": {
      "version": "1.2.1",
      "resolved": "https://registry.npmjs.org/@humanwhocodes/object-schema/-/object-schema-1.2.1.tgz",
      "integrity": "sha512-ZnQMnLV4e7hDlUvw8H+U8ASL02SS2Gn6+9Ac3wGGLIe7+je2AeAOxPY+izIPJDfFDb7eDjev0Us8MO1iFRN8hA==",
      "dev": true
    },
    "node_modules/@lezer/common": {
      "version": "1.0.2",
      "resolved": "https://registry.npmjs.org/@lezer/common/-/common-1.0.2.tgz",
      "integrity": "sha512-SVgiGtMnMnW3ActR8SXgsDhw7a0w0ChHSYAyAUxxrOiJ1OqYWEKk/xJd84tTSPo1mo6DXLObAJALNnd0Hrv7Ng=="
    },
    "node_modules/@lezer/highlight": {
      "version": "1.1.4",
      "resolved": "https://registry.npmjs.org/@lezer/highlight/-/highlight-1.1.4.tgz",
      "integrity": "sha512-IECkFmw2l7sFcYXrV8iT9GeY4W0fU4CxX0WMwhmhMIVjoDdD1Hr6q3G2NqVtLg/yVe5n7i4menG3tJ2r4eCrPQ==",
      "dependencies": {
        "@lezer/common": "^1.0.0"
      }
    },
    "node_modules/@lezer/lr": {
      "version": "1.3.3",
      "resolved": "https://registry.npmjs.org/@lezer/lr/-/lr-1.3.3.tgz",
      "integrity": "sha512-JPQe3mwJlzEVqy67iQiiGozhcngbO8QBgpqZM6oL1Wj/dXckrEexpBLeFkq0edtW5IqnPRFxA24BHJni8Js69w==",
      "dependencies": {
        "@lezer/common": "^1.0.0"
      }
    },
    "node_modules/@next/env": {
      "version": "13.2.4",
      "resolved": "https://registry.npmjs.org/@next/env/-/env-13.2.4.tgz",
      "integrity": "sha512-+Mq3TtpkeeKFZanPturjcXt+KHfKYnLlX6jMLyCrmpq6OOs4i1GqBOAauSkii9QeKCMTYzGppar21JU57b/GEA=="
    },
    "node_modules/@next/eslint-plugin-next": {
      "version": "13.2.4",
      "resolved": "https://registry.npmjs.org/@next/eslint-plugin-next/-/eslint-plugin-next-13.2.4.tgz",
      "integrity": "sha512-ck1lI+7r1mMJpqLNa3LJ5pxCfOB1lfJncKmRJeJxcJqcngaFwylreLP7da6Rrjr6u2gVRTfmnkSkjc80IiQCwQ==",
      "dev": true,
      "dependencies": {
        "glob": "7.1.7"
      }
    },
    "node_modules/@next/swc-android-arm-eabi": {
      "version": "13.2.4",
      "resolved": "https://registry.npmjs.org/@next/swc-android-arm-eabi/-/swc-android-arm-eabi-13.2.4.tgz",
      "integrity": "sha512-DWlalTSkLjDU11MY11jg17O1gGQzpRccM9Oes2yTqj2DpHndajrXHGxj9HGtJ+idq2k7ImUdJVWS2h2l/EDJOw==",
      "cpu": [
        "arm"
      ],
      "optional": true,
      "os": [
        "android"
      ],
      "engines": {
        "node": ">= 10"
      }
    },
    "node_modules/@next/swc-android-arm64": {
      "version": "13.2.4",
      "resolved": "https://registry.npmjs.org/@next/swc-android-arm64/-/swc-android-arm64-13.2.4.tgz",
      "integrity": "sha512-sRavmUImUCf332Gy+PjIfLkMhiRX1Ez4SI+3vFDRs1N5eXp+uNzjFUK/oLMMOzk6KFSkbiK/3Wt8+dHQR/flNg==",
      "cpu": [
        "arm64"
      ],
      "optional": true,
      "os": [
        "android"
      ],
      "engines": {
        "node": ">= 10"
      }
    },
    "node_modules/@next/swc-darwin-arm64": {
      "version": "13.2.4",
      "resolved": "https://registry.npmjs.org/@next/swc-darwin-arm64/-/swc-darwin-arm64-13.2.4.tgz",
      "integrity": "sha512-S6vBl+OrInP47TM3LlYx65betocKUUlTZDDKzTiRDbsRESeyIkBtZ6Qi5uT2zQs4imqllJznVjFd1bXLx3Aa6A==",
      "cpu": [
        "arm64"
      ],
      "optional": true,
      "os": [
        "darwin"
      ],
      "engines": {
        "node": ">= 10"
      }
    },
    "node_modules/@next/swc-darwin-x64": {
      "version": "13.2.4",
      "resolved": "https://registry.npmjs.org/@next/swc-darwin-x64/-/swc-darwin-x64-13.2.4.tgz",
      "integrity": "sha512-a6LBuoYGcFOPGd4o8TPo7wmv5FnMr+Prz+vYHopEDuhDoMSHOnC+v+Ab4D7F0NMZkvQjEJQdJS3rqgFhlZmKlw==",
      "cpu": [
        "x64"
      ],
      "optional": true,
      "os": [
        "darwin"
      ],
      "engines": {
        "node": ">= 10"
      }
    },
    "node_modules/@next/swc-freebsd-x64": {
      "version": "13.2.4",
      "resolved": "https://registry.npmjs.org/@next/swc-freebsd-x64/-/swc-freebsd-x64-13.2.4.tgz",
      "integrity": "sha512-kkbzKVZGPaXRBPisoAQkh3xh22r+TD+5HwoC5bOkALraJ0dsOQgSMAvzMXKsN3tMzJUPS0tjtRf1cTzrQ0I5vQ==",
      "cpu": [
        "x64"
      ],
      "optional": true,
      "os": [
        "freebsd"
      ],
      "engines": {
        "node": ">= 10"
      }
    },
    "node_modules/@next/swc-linux-arm-gnueabihf": {
      "version": "13.2.4",
      "resolved": "https://registry.npmjs.org/@next/swc-linux-arm-gnueabihf/-/swc-linux-arm-gnueabihf-13.2.4.tgz",
      "integrity": "sha512-7qA1++UY0fjprqtjBZaOA6cas/7GekpjVsZn/0uHvquuITFCdKGFCsKNBx3S0Rpxmx6WYo0GcmhNRM9ru08BGg==",
      "cpu": [
        "arm"
      ],
      "optional": true,
      "os": [
        "linux"
      ],
      "engines": {
        "node": ">= 10"
      }
    },
    "node_modules/@next/swc-linux-arm64-gnu": {
      "version": "13.2.4",
      "resolved": "https://registry.npmjs.org/@next/swc-linux-arm64-gnu/-/swc-linux-arm64-gnu-13.2.4.tgz",
      "integrity": "sha512-xzYZdAeq883MwXgcwc72hqo/F/dwUxCukpDOkx/j1HTq/J0wJthMGjinN9wH5bPR98Mfeh1MZJ91WWPnZOedOg==",
      "cpu": [
        "arm64"
      ],
      "optional": true,
      "os": [
        "linux"
      ],
      "engines": {
        "node": ">= 10"
      }
    },
    "node_modules/@next/swc-linux-arm64-musl": {
      "version": "13.2.4",
      "resolved": "https://registry.npmjs.org/@next/swc-linux-arm64-musl/-/swc-linux-arm64-musl-13.2.4.tgz",
      "integrity": "sha512-8rXr3WfmqSiYkb71qzuDP6I6R2T2tpkmf83elDN8z783N9nvTJf2E7eLx86wu2OJCi4T05nuxCsh4IOU3LQ5xw==",
      "cpu": [
        "arm64"
      ],
      "optional": true,
      "os": [
        "linux"
      ],
      "engines": {
        "node": ">= 10"
      }
    },
    "node_modules/@next/swc-linux-x64-gnu": {
      "version": "13.2.4",
      "resolved": "https://registry.npmjs.org/@next/swc-linux-x64-gnu/-/swc-linux-x64-gnu-13.2.4.tgz",
      "integrity": "sha512-Ngxh51zGSlYJ4EfpKG4LI6WfquulNdtmHg1yuOYlaAr33KyPJp4HeN/tivBnAHcZkoNy0hh/SbwDyCnz5PFJQQ==",
      "cpu": [
        "x64"
      ],
      "optional": true,
      "os": [
        "linux"
      ],
      "engines": {
        "node": ">= 10"
      }
    },
    "node_modules/@next/swc-linux-x64-musl": {
      "version": "13.2.4",
      "resolved": "https://registry.npmjs.org/@next/swc-linux-x64-musl/-/swc-linux-x64-musl-13.2.4.tgz",
      "integrity": "sha512-gOvwIYoSxd+j14LOcvJr+ekd9fwYT1RyMAHOp7znA10+l40wkFiMONPLWiZuHxfRk+Dy7YdNdDh3ImumvL6VwA==",
      "cpu": [
        "x64"
      ],
      "optional": true,
      "os": [
        "linux"
      ],
      "engines": {
        "node": ">= 10"
      }
    },
    "node_modules/@next/swc-win32-arm64-msvc": {
      "version": "13.2.4",
      "resolved": "https://registry.npmjs.org/@next/swc-win32-arm64-msvc/-/swc-win32-arm64-msvc-13.2.4.tgz",
      "integrity": "sha512-q3NJzcfClgBm4HvdcnoEncmztxrA5GXqKeiZ/hADvC56pwNALt3ngDC6t6qr1YW9V/EPDxCYeaX4zYxHciW4Dw==",
      "cpu": [
        "arm64"
      ],
      "optional": true,
      "os": [
        "win32"
      ],
      "engines": {
        "node": ">= 10"
      }
    },
    "node_modules/@next/swc-win32-ia32-msvc": {
      "version": "13.2.4",
      "resolved": "https://registry.npmjs.org/@next/swc-win32-ia32-msvc/-/swc-win32-ia32-msvc-13.2.4.tgz",
      "integrity": "sha512-/eZ5ncmHUYtD2fc6EUmAIZlAJnVT2YmxDsKs1Ourx0ttTtvtma/WKlMV5NoUsyOez0f9ExLyOpeCoz5aj+MPXw==",
      "cpu": [
        "ia32"
      ],
      "optional": true,
      "os": [
        "win32"
      ],
      "engines": {
        "node": ">= 10"
      }
    },
    "node_modules/@next/swc-win32-x64-msvc": {
      "version": "13.2.4",
      "resolved": "https://registry.npmjs.org/@next/swc-win32-x64-msvc/-/swc-win32-x64-msvc-13.2.4.tgz",
      "integrity": "sha512-0MffFmyv7tBLlji01qc0IaPP/LVExzvj7/R5x1Jph1bTAIj4Vu81yFQWHHQAP6r4ff9Ukj1mBK6MDNVXm7Tcvw==",
      "cpu": [
        "x64"
      ],
      "optional": true,
      "os": [
        "win32"
      ],
      "engines": {
        "node": ">= 10"
      }
    },
    "node_modules/@nodelib/fs.scandir": {
      "version": "2.1.5",
      "resolved": "https://registry.npmjs.org/@nodelib/fs.scandir/-/fs.scandir-2.1.5.tgz",
      "integrity": "sha512-vq24Bq3ym5HEQm2NKCr3yXDwjc7vTsEThRDnkp2DK9p1uqLR+DHurm/NOTo0KG7HYHU7eppKZj3MyqYuMBf62g==",
      "dev": true,
      "dependencies": {
        "@nodelib/fs.stat": "2.0.5",
        "run-parallel": "^1.1.9"
      },
      "engines": {
        "node": ">= 8"
      }
    },
    "node_modules/@nodelib/fs.stat": {
      "version": "2.0.5",
      "resolved": "https://registry.npmjs.org/@nodelib/fs.stat/-/fs.stat-2.0.5.tgz",
      "integrity": "sha512-RkhPPp2zrqDAQA/2jNhnztcPAlv64XdhIp7a7454A5ovI7Bukxgt7MX7udwAu3zg1DcpPU0rz3VV1SeaqvY4+A==",
      "dev": true,
      "engines": {
        "node": ">= 8"
      }
    },
    "node_modules/@nodelib/fs.walk": {
      "version": "1.2.8",
      "resolved": "https://registry.npmjs.org/@nodelib/fs.walk/-/fs.walk-1.2.8.tgz",
      "integrity": "sha512-oGB+UxlgWcgQkgwo8GcEGwemoTFt3FIO9ababBmaGwXIoBKZ+GTy0pP185beGg7Llih/NSHSV2XAs1lnznocSg==",
      "dev": true,
      "dependencies": {
        "@nodelib/fs.scandir": "2.1.5",
        "fastq": "^1.6.0"
      },
      "engines": {
        "node": ">= 8"
      }
    },
    "node_modules/@pkgr/utils": {
      "version": "2.3.1",
      "resolved": "https://registry.npmjs.org/@pkgr/utils/-/utils-2.3.1.tgz",
      "integrity": "sha512-wfzX8kc1PMyUILA+1Z/EqoE4UCXGy0iRGMhPwdfae1+f0OXlLqCk+By+aMzgJBzR9AzS4CDizioG6Ss1gvAFJw==",
      "dev": true,
      "dependencies": {
        "cross-spawn": "^7.0.3",
        "is-glob": "^4.0.3",
        "open": "^8.4.0",
        "picocolors": "^1.0.0",
        "tiny-glob": "^0.2.9",
        "tslib": "^2.4.0"
      },
      "engines": {
        "node": "^12.20.0 || ^14.18.0 || >=16.0.0"
      },
      "funding": {
        "url": "https://opencollective.com/unts"
      }
    },
    "node_modules/@rushstack/eslint-patch": {
      "version": "1.2.0",
      "resolved": "https://registry.npmjs.org/@rushstack/eslint-patch/-/eslint-patch-1.2.0.tgz",
      "integrity": "sha512-sXo/qW2/pAcmT43VoRKOJbDOfV3cYpq3szSVfIThQXNt+E4DfKj361vaAt3c88U5tPUxzEswam7GW48PJqtKAg==",
      "dev": true
    },
    "node_modules/@swc/helpers": {
      "version": "0.4.14",
      "resolved": "https://registry.npmjs.org/@swc/helpers/-/helpers-0.4.14.tgz",
      "integrity": "sha512-4C7nX/dvpzB7za4Ql9K81xK3HPxCpHMgwTZVyf+9JQ6VUbn9jjZVN7/Nkdz/Ugzs2CSjqnL/UPXroiVBVHUWUw==",
      "dependencies": {
        "tslib": "^2.4.0"
      }
    },
    "node_modules/@types/json5": {
      "version": "0.0.29",
      "resolved": "https://registry.npmjs.org/@types/json5/-/json5-0.0.29.tgz",
      "integrity": "sha512-dRLjCWHYg4oaA77cxO64oO+7JwCwnIzkZPdrrC71jQmQtlhM556pwKo5bUzqvZndkVbeFLIIi+9TC40JNF5hNQ==",
      "dev": true
    },
    "node_modules/@types/node": {
      "version": "18.15.11",
      "resolved": "https://registry.npmjs.org/@types/node/-/node-18.15.11.tgz",
      "integrity": "sha512-E5Kwq2n4SbMzQOn6wnmBjuK9ouqlURrcZDVfbo9ftDDTFt3nk7ZKK4GMOzoYgnpQJKcxwQw+lGaBvvlMo0qN/Q=="
    },
    "node_modules/@types/node-fetch": {
      "version": "2.6.4",
      "resolved": "https://registry.npmjs.org/@types/node-fetch/-/node-fetch-2.6.4.tgz",
      "integrity": "sha512-1ZX9fcN4Rvkvgv4E6PAY5WXUFWFcRWxZa3EW83UjycOB9ljJCedb2CupIP4RZMEwF/M3eTcCihbBRgwtGbg5Rg==",
      "dependencies": {
        "@types/node": "*",
        "form-data": "^3.0.0"
      }
    },
    "node_modules/@types/prop-types": {
      "version": "15.7.5",
      "resolved": "https://registry.npmjs.org/@types/prop-types/-/prop-types-15.7.5.tgz",
      "integrity": "sha512-JCB8C6SnDoQf0cNycqd/35A7MjcnK+ZTqE7judS6o7utxUCg6imJg3QK2qzHKszlTjcj2cn+NwMB2i96ubpj7w==",
      "dev": true
    },
    "node_modules/@types/react": {
      "version": "18.0.31",
      "resolved": "https://registry.npmjs.org/@types/react/-/react-18.0.31.tgz",
      "integrity": "sha512-EEG67of7DsvRDU6BLLI0p+k1GojDLz9+lZsnCpCRTa/lOokvyPBvp8S5x+A24hME3yyQuIipcP70KJ6H7Qupww==",
      "dev": true,
      "dependencies": {
        "@types/prop-types": "*",
        "@types/scheduler": "*",
        "csstype": "^3.0.2"
      }
    },
    "node_modules/@types/react-dom": {
      "version": "18.0.11",
      "resolved": "https://registry.npmjs.org/@types/react-dom/-/react-dom-18.0.11.tgz",
      "integrity": "sha512-O38bPbI2CWtgw/OoQoY+BRelw7uysmXbWvw3nLWO21H1HSh+GOlqPuXshJfjmpNlKiiSDG9cc1JZAaMmVdcTlw==",
      "dev": true,